// !$*UTF8*$!
{
	archiveVersion = 1;
	classes = {
	};
	objectVersion = 46;
	objects = {

/* Begin PBXBuildFile section */
		6EBB96EF1F2229CD00850897 /* AppDelegate.swift in Sources */ = {isa = PBXBuildFile; fileRef = 6EBB96EE1F2229CD00850897 /* AppDelegate.swift */; };
		6EBB96F11F2229CD00850897 /* ViewController.swift in Sources */ = {isa = PBXBuildFile; fileRef = 6EBB96F01F2229CD00850897 /* ViewController.swift */; };
		6EBB96F41F2229CD00850897 /* Main.storyboard in Resources */ = {isa = PBXBuildFile; fileRef = 6EBB96F21F2229CD00850897 /* Main.storyboard */; };
		6EBB96F61F2229CD00850897 /* Assets.xcassets in Resources */ = {isa = PBXBuildFile; fileRef = 6EBB96F51F2229CD00850897 /* Assets.xcassets */; };
		6EBB96F91F2229CD00850897 /* LaunchScreen.storyboard in Resources */ = {isa = PBXBuildFile; fileRef = 6EBB96F71F2229CD00850897 /* LaunchScreen.storyboard */; };
		6EBB97041F2229CE00850897 /* PokedexTests.swift in Sources */ = {isa = PBXBuildFile; fileRef = 6EBB97031F2229CE00850897 /* PokedexTests.swift */; };
		6EBB970F1F2229CE00850897 /* PokedexUITests.swift in Sources */ = {isa = PBXBuildFile; fileRef = 6EBB970E1F2229CE00850897 /* PokedexUITests.swift */; };
/* End PBXBuildFile section */

/* Begin PBXContainerItemProxy section */
		6EBB97001F2229CE00850897 /* PBXContainerItemProxy */ = {
			isa = PBXContainerItemProxy;
			containerPortal = 6EBB96E31F2229CD00850897 /* Project object */;
			proxyType = 1;
			remoteGlobalIDString = 6EBB96EA1F2229CD00850897;
			remoteInfo = Pokedex;
		};
		6EBB970B1F2229CE00850897 /* PBXContainerItemProxy */ = {
			isa = PBXContainerItemProxy;
			containerPortal = 6EBB96E31F2229CD00850897 /* Project object */;
			proxyType = 1;
			remoteGlobalIDString = 6EBB96EA1F2229CD00850897;
			remoteInfo = Pokedex;
		};
/* End PBXContainerItemProxy section */

/* Begin PBXFileReference section */
		6EBB96EB1F2229CD00850897 /* Pokedex.app */ = {isa = PBXFileReference; explicitFileType = wrapper.application; includeInIndex = 0; path = Pokedex.app; sourceTree = BUILT_PRODUCTS_DIR; };
		6EBB96EE1F2229CD00850897 /* AppDelegate.swift */ = {isa = PBXFileReference; lastKnownFileType = sourcecode.swift; path = AppDelegate.swift; sourceTree = "<group>"; };
		6EBB96F01F2229CD00850897 /* ViewController.swift */ = {isa = PBXFileReference; lastKnownFileType = sourcecode.swift; path = ViewController.swift; sourceTree = "<group>"; };
		6EBB96F31F2229CD00850897 /* Base */ = {isa = PBXFileReference; lastKnownFileType = file.storyboard; name = Base; path = Base.lproj/Main.storyboard; sourceTree = "<group>"; };
		6EBB96F51F2229CD00850897 /* Assets.xcassets */ = {isa = PBXFileReference; lastKnownFileType = folder.assetcatalog; path = Assets.xcassets; sourceTree = "<group>"; };
		6EBB96F81F2229CD00850897 /* Base */ = {isa = PBXFileReference; lastKnownFileType = file.storyboard; name = Base; path = Base.lproj/LaunchScreen.storyboard; sourceTree = "<group>"; };
		6EBB96FA1F2229CD00850897 /* Info.plist */ = {isa = PBXFileReference; lastKnownFileType = text.plist.xml; path = Info.plist; sourceTree = "<group>"; };
		6EBB96FF1F2229CE00850897 /* PokedexTests.xctest */ = {isa = PBXFileReference; explicitFileType = wrapper.cfbundle; includeInIndex = 0; path = PokedexTests.xctest; sourceTree = BUILT_PRODUCTS_DIR; };
		6EBB97031F2229CE00850897 /* PokedexTests.swift */ = {isa = PBXFileReference; lastKnownFileType = sourcecode.swift; path = PokedexTests.swift; sourceTree = "<group>"; };
		6EBB97051F2229CE00850897 /* Info.plist */ = {isa = PBXFileReference; lastKnownFileType = text.plist.xml; path = Info.plist; sourceTree = "<group>"; };
		6EBB970A1F2229CE00850897 /* PokedexUITests.xctest */ = {isa = PBXFileReference; explicitFileType = wrapper.cfbundle; includeInIndex = 0; path = PokedexUITests.xctest; sourceTree = BUILT_PRODUCTS_DIR; };
		6EBB970E1F2229CE00850897 /* PokedexUITests.swift */ = {isa = PBXFileReference; lastKnownFileType = sourcecode.swift; path = PokedexUITests.swift; sourceTree = "<group>"; };
		6EBB97101F2229CE00850897 /* Info.plist */ = {isa = PBXFileReference; lastKnownFileType = text.plist.xml; path = Info.plist; sourceTree = "<group>"; };
/* End PBXFileReference section */

/* Begin PBXFrameworksBuildPhase section */
		6EBB96E81F2229CD00850897 /* Frameworks */ = {
			isa = PBXFrameworksBuildPhase;
			buildActionMask = 2147483647;
			files = (
			);
			runOnlyForDeploymentPostprocessing = 0;
		};
		6EBB96FC1F2229CE00850897 /* Frameworks */ = {
			isa = PBXFrameworksBuildPhase;
			buildActionMask = 2147483647;
			files = (
			);
			runOnlyForDeploymentPostprocessing = 0;
		};
		6EBB97071F2229CE00850897 /* Frameworks */ = {
			isa = PBXFrameworksBuildPhase;
			buildActionMask = 2147483647;
			files = (
			);
			runOnlyForDeploymentPostprocessing = 0;
		};
/* End PBXFrameworksBuildPhase section */

/* Begin PBXGroup section */
		6EBB96E21F2229CD00850897 = {
			isa = PBXGroup;
			children = (
				6EBB96ED1F2229CD00850897 /* Pokedex */,
				6EBB97021F2229CE00850897 /* PokedexTests */,
				6EBB970D1F2229CE00850897 /* PokedexUITests */,
				6EBB96EC1F2229CD00850897 /* Products */,
			);
			sourceTree = "<group>";
		};
		6EBB96EC1F2229CD00850897 /* Products */ = {
			isa = PBXGroup;
			children = (
				6EBB96EB1F2229CD00850897 /* Pokedex.app */,
				6EBB96FF1F2229CE00850897 /* PokedexTests.xctest */,
				6EBB970A1F2229CE00850897 /* PokedexUITests.xctest */,
			);
			name = Products;
			sourceTree = "<group>";
		};
		6EBB96ED1F2229CD00850897 /* Pokedex */ = {
			isa = PBXGroup;
			children = (
				6EBB96EE1F2229CD00850897 /* AppDelegate.swift */,
				6EBB96F01F2229CD00850897 /* ViewController.swift */,
				6EBB96F21F2229CD00850897 /* Main.storyboard */,
				6EBB96F51F2229CD00850897 /* Assets.xcassets */,
				6EBB96F71F2229CD00850897 /* LaunchScreen.storyboard */,
				6EBB96FA1F2229CD00850897 /* Info.plist */,
			);
			path = Pokedex;
			sourceTree = "<group>";
		};
		6EBB97021F2229CE00850897 /* PokedexTests */ = {
			isa = PBXGroup;
			children = (
				6EBB97031F2229CE00850897 /* PokedexTests.swift */,
				6EBB97051F2229CE00850897 /* Info.plist */,
			);
			path = PokedexTests;
			sourceTree = "<group>";
		};
		6EBB970D1F2229CE00850897 /* PokedexUITests */ = {
			isa = PBXGroup;
			children = (
				6EBB970E1F2229CE00850897 /* PokedexUITests.swift */,
				6EBB97101F2229CE00850897 /* Info.plist */,
			);
			path = PokedexUITests;
			sourceTree = "<group>";
		};
/* End PBXGroup section */

/* Begin PBXNativeTarget section */
		6EBB96EA1F2229CD00850897 /* Pokedex */ = {
			isa = PBXNativeTarget;
			buildConfigurationList = 6EBB97131F2229CE00850897 /* Build configuration list for PBXNativeTarget "Pokedex" */;
			buildPhases = (
				6EBB96E71F2229CD00850897 /* Sources */,
				6EBB96E81F2229CD00850897 /* Frameworks */,
				6EBB96E91F2229CD00850897 /* Resources */,
			);
			buildRules = (
			);
			dependencies = (
			);
			name = Pokedex;
			productName = Pokedex;
			productReference = 6EBB96EB1F2229CD00850897 /* Pokedex.app */;
			productType = "com.apple.product-type.application";
		};
		6EBB96FE1F2229CE00850897 /* PokedexTests */ = {
			isa = PBXNativeTarget;
			buildConfigurationList = 6EBB97161F2229CE00850897 /* Build configuration list for PBXNativeTarget "PokedexTests" */;
			buildPhases = (
				6EBB96FB1F2229CE00850897 /* Sources */,
				6EBB96FC1F2229CE00850897 /* Frameworks */,
				6EBB96FD1F2229CE00850897 /* Resources */,
			);
			buildRules = (
			);
			dependencies = (
				6EBB97011F2229CE00850897 /* PBXTargetDependency */,
			);
			name = PokedexTests;
			productName = PokedexTests;
			productReference = 6EBB96FF1F2229CE00850897 /* PokedexTests.xctest */;
			productType = "com.apple.product-type.bundle.unit-test";
		};
		6EBB97091F2229CE00850897 /* PokedexUITests */ = {
			isa = PBXNativeTarget;
			buildConfigurationList = 6EBB97191F2229CE00850897 /* Build configuration list for PBXNativeTarget "PokedexUITests" */;
			buildPhases = (
				6EBB97061F2229CE00850897 /* Sources */,
				6EBB97071F2229CE00850897 /* Frameworks */,
				6EBB97081F2229CE00850897 /* Resources */,
			);
			buildRules = (
			);
			dependencies = (
				6EBB970C1F2229CE00850897 /* PBXTargetDependency */,
			);
			name = PokedexUITests;
			productName = PokedexUITests;
			productReference = 6EBB970A1F2229CE00850897 /* PokedexUITests.xctest */;
			productType = "com.apple.product-type.bundle.ui-testing";
		};
/* End PBXNativeTarget section */

/* Begin PBXProject section */
		6EBB96E31F2229CD00850897 /* Project object */ = {
			isa = PBXProject;
			attributes = {
				LastSwiftUpdateCheck = 0830;
				LastUpgradeCheck = 0830;
				ORGANIZATIONNAME = Artep;
				TargetAttributes = {
					6EBB96EA1F2229CD00850897 = {
						CreatedOnToolsVersion = 8.3.3;
						DevelopmentTeam = GMCUNEKHFC;
						ProvisioningStyle = Automatic;
					};
					6EBB96FE1F2229CE00850897 = {
						CreatedOnToolsVersion = 8.3.3;
						DevelopmentTeam = GMCUNEKHFC;
						ProvisioningStyle = Automatic;
						TestTargetID = 6EBB96EA1F2229CD00850897;
					};
					6EBB97091F2229CE00850897 = {
						CreatedOnToolsVersion = 8.3.3;
						DevelopmentTeam = GMCUNEKHFC;
						ProvisioningStyle = Automatic;
						TestTargetID = 6EBB96EA1F2229CD00850897;
					};
				};
			};
			buildConfigurationList = 6EBB96E61F2229CD00850897 /* Build configuration list for PBXProject "Pokedex" */;
			compatibilityVersion = "Xcode 3.2";
			developmentRegion = English;
			hasScannedForEncodings = 0;
			knownRegions = (
				en,
				Base,
			);
			mainGroup = 6EBB96E21F2229CD00850897;
			productRefGroup = 6EBB96EC1F2229CD00850897 /* Products */;
			projectDirPath = "";
			projectRoot = "";
			targets = (
				6EBB96EA1F2229CD00850897 /* Pokedex */,
				6EBB96FE1F2229CE00850897 /* PokedexTests */,
				6EBB97091F2229CE00850897 /* PokedexUITests */,
			);
		};
/* End PBXProject section */

/* Begin PBXResourcesBuildPhase section */
		6EBB96E91F2229CD00850897 /* Resources */ = {
			isa = PBXResourcesBuildPhase;
			buildActionMask = 2147483647;
			files = (
				6EBB96F91F2229CD00850897 /* LaunchScreen.storyboard in Resources */,
				6EBB96F61F2229CD00850897 /* Assets.xcassets in Resources */,
				6EBB96F41F2229CD00850897 /* Main.storyboard in Resources */,
			);
			runOnlyForDeploymentPostprocessing = 0;
		};
		6EBB96FD1F2229CE00850897 /* Resources */ = {
			isa = PBXResourcesBuildPhase;
			buildActionMask = 2147483647;
			files = (
			);
			runOnlyForDeploymentPostprocessing = 0;
		};
		6EBB97081F2229CE00850897 /* Resources */ = {
			isa = PBXResourcesBuildPhase;
			buildActionMask = 2147483647;
			files = (
			);
			runOnlyForDeploymentPostprocessing = 0;
		};
/* End PBXResourcesBuildPhase section */

/* Begin PBXSourcesBuildPhase section */
		6EBB96E71F2229CD00850897 /* Sources */ = {
			isa = PBXSourcesBuildPhase;
			buildActionMask = 2147483647;
			files = (
				6EBB96F11F2229CD00850897 /* ViewController.swift in Sources */,
				6EBB96EF1F2229CD00850897 /* AppDelegate.swift in Sources */,
			);
			runOnlyForDeploymentPostprocessing = 0;
		};
		6EBB96FB1F2229CE00850897 /* Sources */ = {
			isa = PBXSourcesBuildPhase;
			buildActionMask = 2147483647;
			files = (
				6EBB97041F2229CE00850897 /* PokedexTests.swift in Sources */,
			);
			runOnlyForDeploymentPostprocessing = 0;
		};
		6EBB97061F2229CE00850897 /* Sources */ = {
			isa = PBXSourcesBuildPhase;
			buildActionMask = 2147483647;
			files = (
				6EBB970F1F2229CE00850897 /* PokedexUITests.swift in Sources */,
			);
			runOnlyForDeploymentPostprocessing = 0;
		};
/* End PBXSourcesBuildPhase section */

/* Begin PBXTargetDependency section */
		6EBB97011F2229CE00850897 /* PBXTargetDependency */ = {
			isa = PBXTargetDependency;
			target = 6EBB96EA1F2229CD00850897 /* Pokedex */;
			targetProxy = 6EBB97001F2229CE00850897 /* PBXContainerItemProxy */;
		};
		6EBB970C1F2229CE00850897 /* PBXTargetDependency */ = {
			isa = PBXTargetDependency;
			target = 6EBB96EA1F2229CD00850897 /* Pokedex */;
			targetProxy = 6EBB970B1F2229CE00850897 /* PBXContainerItemProxy */;
		};
/* End PBXTargetDependency section */

/* Begin PBXVariantGroup section */
		6EBB96F21F2229CD00850897 /* Main.storyboard */ = {
			isa = PBXVariantGroup;
			children = (
				6EBB96F31F2229CD00850897 /* Base */,
			);
			name = Main.storyboard;
			sourceTree = "<group>";
		};
		6EBB96F71F2229CD00850897 /* LaunchScreen.storyboard */ = {
			isa = PBXVariantGroup;
			children = (
				6EBB96F81F2229CD00850897 /* Base */,
			);
			name = LaunchScreen.storyboard;
			sourceTree = "<group>";
		};
/* End PBXVariantGroup section */

/* Begin XCBuildConfiguration section */
		6EBB97111F2229CE00850897 /* Debug */ = {
			isa = XCBuildConfiguration;
			buildSettings = {
				ALWAYS_SEARCH_USER_PATHS = NO;
				CLANG_ANALYZER_NONNULL = YES;
				CLANG_ANALYZER_NUMBER_OBJECT_CONVERSION = YES_AGGRESSIVE;
				CLANG_CXX_LANGUAGE_STANDARD = "gnu++0x";
				CLANG_CXX_LIBRARY = "libc++";
				CLANG_ENABLE_MODULES = YES;
				CLANG_ENABLE_OBJC_ARC = YES;
				CLANG_WARN_BOOL_CONVERSION = YES;
				CLANG_WARN_CONSTANT_CONVERSION = YES;
				CLANG_WARN_DIRECT_OBJC_ISA_USAGE = YES_ERROR;
				CLANG_WARN_DOCUMENTATION_COMMENTS = YES;
				CLANG_WARN_EMPTY_BODY = YES;
				CLANG_WARN_ENUM_CONVERSION = YES;
				CLANG_WARN_INFINITE_RECURSION = YES;
				CLANG_WARN_INT_CONVERSION = YES;
				CLANG_WARN_OBJC_ROOT_CLASS = YES_ERROR;
				CLANG_WARN_SUSPICIOUS_MOVE = YES;
				CLANG_WARN_UNREACHABLE_CODE = YES;
				CLANG_WARN__DUPLICATE_METHOD_MATCH = YES;
				"CODE_SIGN_IDENTITY[sdk=iphoneos*]" = "iPhone Developer";
				COPY_PHASE_STRIP = NO;
				DEBUG_INFORMATION_FORMAT = dwarf;
				ENABLE_STRICT_OBJC_MSGSEND = YES;
				ENABLE_TESTABILITY = YES;
				GCC_C_LANGUAGE_STANDARD = gnu99;
				GCC_DYNAMIC_NO_PIC = NO;
				GCC_NO_COMMON_BLOCKS = YES;
				GCC_OPTIMIZATION_LEVEL = 0;
				GCC_PREPROCESSOR_DEFINITIONS = (
					"DEBUG=1",
					"$(inherited)",
				);
				GCC_WARN_64_TO_32_BIT_CONVERSION = YES;
				GCC_WARN_ABOUT_RETURN_TYPE = YES_ERROR;
				GCC_WARN_UNDECLARED_SELECTOR = YES;
				GCC_WARN_UNINITIALIZED_AUTOS = YES_AGGRESSIVE;
				GCC_WARN_UNUSED_FUNCTION = YES;
				GCC_WARN_UNUSED_VARIABLE = YES;
				IPHONEOS_DEPLOYMENT_TARGET = 10.3;
				MTL_ENABLE_DEBUG_INFO = YES;
				ONLY_ACTIVE_ARCH = YES;
				SDKROOT = iphoneos;
				SWIFT_ACTIVE_COMPILATION_CONDITIONS = DEBUG;
				SWIFT_OPTIMIZATION_LEVEL = "-Onone";
				TARGETED_DEVICE_FAMILY = "1,2";
			};
			name = Debug;
		};
		6EBB97121F2229CE00850897 /* Release */ = {
			isa = XCBuildConfiguration;
			buildSettings = {
				ALWAYS_SEARCH_USER_PATHS = NO;
				CLANG_ANALYZER_NONNULL = YES;
				CLANG_ANALYZER_NUMBER_OBJECT_CONVERSION = YES_AGGRESSIVE;
				CLANG_CXX_LANGUAGE_STANDARD = "gnu++0x";
				CLANG_CXX_LIBRARY = "libc++";
				CLANG_ENABLE_MODULES = YES;
				CLANG_ENABLE_OBJC_ARC = YES;
				CLANG_WARN_BOOL_CONVERSION = YES;
				CLANG_WARN_CONSTANT_CONVERSION = YES;
				CLANG_WARN_DIRECT_OBJC_ISA_USAGE = YES_ERROR;
				CLANG_WARN_DOCUMENTATION_COMMENTS = YES;
				CLANG_WARN_EMPTY_BODY = YES;
				CLANG_WARN_ENUM_CONVERSION = YES;
				CLANG_WARN_INFINITE_RECURSION = YES;
				CLANG_WARN_INT_CONVERSION = YES;
				CLANG_WARN_OBJC_ROOT_CLASS = YES_ERROR;
				CLANG_WARN_SUSPICIOUS_MOVE = YES;
				CLANG_WARN_UNREACHABLE_CODE = YES;
				CLANG_WARN__DUPLICATE_METHOD_MATCH = YES;
				"CODE_SIGN_IDENTITY[sdk=iphoneos*]" = "iPhone Developer";
				COPY_PHASE_STRIP = NO;
				DEBUG_INFORMATION_FORMAT = "dwarf-with-dsym";
				ENABLE_NS_ASSERTIONS = NO;
				ENABLE_STRICT_OBJC_MSGSEND = YES;
				GCC_C_LANGUAGE_STANDARD = gnu99;
				GCC_NO_COMMON_BLOCKS = YES;
				GCC_WARN_64_TO_32_BIT_CONVERSION = YES;
				GCC_WARN_ABOUT_RETURN_TYPE = YES_ERROR;
				GCC_WARN_UNDECLARED_SELECTOR = YES;
				GCC_WARN_UNINITIALIZED_AUTOS = YES_AGGRESSIVE;
				GCC_WARN_UNUSED_FUNCTION = YES;
				GCC_WARN_UNUSED_VARIABLE = YES;
				IPHONEOS_DEPLOYMENT_TARGET = 10.3;
				MTL_ENABLE_DEBUG_INFO = NO;
				SDKROOT = iphoneos;
				SWIFT_OPTIMIZATION_LEVEL = "-Owholemodule";
				TARGETED_DEVICE_FAMILY = "1,2";
				VALIDATE_PRODUCT = YES;
			};
			name = Release;
		};
		6EBB97141F2229CE00850897 /* Debug */ = {
			isa = XCBuildConfiguration;
			buildSettings = {
				ASSETCATALOG_COMPILER_APPICON_NAME = AppIcon;
				DEVELOPMENT_TEAM = GMCUNEKHFC;
				INFOPLIST_FILE = Pokedex/Info.plist;
				LD_RUNPATH_SEARCH_PATHS = "$(inherited) @executable_path/Frameworks";
				PRODUCT_BUNDLE_IDENTIFIER = com.artep.Pokedex;
				PRODUCT_NAME = "$(TARGET_NAME)";
				SWIFT_VERSION = 3.0;
			};
			name = Debug;
		};
		6EBB97151F2229CE00850897 /* Release */ = {
			isa = XCBuildConfiguration;
			buildSettings = {
				ASSETCATALOG_COMPILER_APPICON_NAME = AppIcon;
				DEVELOPMENT_TEAM = GMCUNEKHFC;
				INFOPLIST_FILE = Pokedex/Info.plist;
				LD_RUNPATH_SEARCH_PATHS = "$(inherited) @executable_path/Frameworks";
				PRODUCT_BUNDLE_IDENTIFIER = com.artep.Pokedex;
				PRODUCT_NAME = "$(TARGET_NAME)";
				SWIFT_VERSION = 3.0;
			};
			name = Release;
		};
		6EBB97171F2229CE00850897 /* Debug */ = {
			isa = XCBuildConfiguration;
			buildSettings = {
				ALWAYS_EMBED_SWIFT_STANDARD_LIBRARIES = YES;
				BUNDLE_LOADER = "$(TEST_HOST)";
				DEVELOPMENT_TEAM = GMCUNEKHFC;
				INFOPLIST_FILE = PokedexTests/Info.plist;
				LD_RUNPATH_SEARCH_PATHS = "$(inherited) @executable_path/Frameworks @loader_path/Frameworks";
				PRODUCT_BUNDLE_IDENTIFIER = com.artep.PokedexTests;
				PRODUCT_NAME = "$(TARGET_NAME)";
				SWIFT_VERSION = 3.0;
				TEST_HOST = "$(BUILT_PRODUCTS_DIR)/Pokedex.app/Pokedex";
			};
			name = Debug;
		};
		6EBB97181F2229CE00850897 /* Release */ = {
			isa = XCBuildConfiguration;
			buildSettings = {
				ALWAYS_EMBED_SWIFT_STANDARD_LIBRARIES = YES;
				BUNDLE_LOADER = "$(TEST_HOST)";
				DEVELOPMENT_TEAM = GMCUNEKHFC;
				INFOPLIST_FILE = PokedexTests/Info.plist;
				LD_RUNPATH_SEARCH_PATHS = "$(inherited) @executable_path/Frameworks @loader_path/Frameworks";
				PRODUCT_BUNDLE_IDENTIFIER = com.artep.PokedexTests;
				PRODUCT_NAME = "$(TARGET_NAME)";
				SWIFT_VERSION = 3.0;
				TEST_HOST = "$(BUILT_PRODUCTS_DIR)/Pokedex.app/Pokedex";
			};
			name = Release;
		};
		6EBB971A1F2229CE00850897 /* Debug */ = {
			isa = XCBuildConfiguration;
			buildSettings = {
				ALWAYS_EMBED_SWIFT_STANDARD_LIBRARIES = YES;
				DEVELOPMENT_TEAM = GMCUNEKHFC;
				INFOPLIST_FILE = PokedexUITests/Info.plist;
				LD_RUNPATH_SEARCH_PATHS = "$(inherited) @executable_path/Frameworks @loader_path/Frameworks";
				PRODUCT_BUNDLE_IDENTIFIER = com.artep.PokedexUITests;
				PRODUCT_NAME = "$(TARGET_NAME)";
				SWIFT_VERSION = 3.0;
				TEST_TARGET_NAME = Pokedex;
			};
			name = Debug;
		};
		6EBB971B1F2229CE00850897 /* Release */ = {
			isa = XCBuildConfiguration;
			buildSettings = {
				ALWAYS_EMBED_SWIFT_STANDARD_LIBRARIES = YES;
				DEVELOPMENT_TEAM = GMCUNEKHFC;
				INFOPLIST_FILE = PokedexUITests/Info.plist;
				LD_RUNPATH_SEARCH_PATHS = "$(inherited) @executable_path/Frameworks @loader_path/Frameworks";
				PRODUCT_BUNDLE_IDENTIFIER = com.artep.PokedexUITests;
				PRODUCT_NAME = "$(TARGET_NAME)";
				SWIFT_VERSION = 3.0;
				TEST_TARGET_NAME = Pokedex;
			};
			name = Release;
		};
/* End XCBuildConfiguration section */

/* Begin XCConfigurationList section */
		6EBB96E61F2229CD00850897 /* Build configuration list for PBXProject "Pokedex" */ = {
			isa = XCConfigurationList;
			buildConfigurations = (
				6EBB97111F2229CE00850897 /* Debug */,
				6EBB97121F2229CE00850897 /* Release */,
			);
			defaultConfigurationIsVisible = 0;
			defaultConfigurationName = Release;
		};
		6EBB97131F2229CE00850897 /* Build configuration list for PBXNativeTarget "Pokedex" */ = {
			isa = XCConfigurationList;
			buildConfigurations = (
				6EBB97141F2229CE00850897 /* Debug */,
				6EBB97151F2229CE00850897 /* Release */,
			);
			defaultConfigurationIsVisible = 0;
		};
		6EBB97161F2229CE00850897 /* Build configuration list for PBXNativeTarget "PokedexTests" */ = {
			isa = XCConfigurationList;
			buildConfigurations = (
				6EBB97171F2229CE00850897 /* Debug */,
				6EBB97181F2229CE00850897 /* Release */,
			);
			defaultConfigurationIsVisible = 0;
		};
		6EBB97191F2229CE00850897 /* Build configuration list for PBXNativeTarget "PokedexUITests" */ = {
			isa = XCConfigurationList;
			buildConfigurations = (
				6EBB971A1F2229CE00850897 /* Debug */,
				6EBB971B1F2229CE00850897 /* Release */,
			);
			defaultConfigurationIsVisible = 0;
		};
/* End XCConfigurationList section */
	};
	rootObject = 6EBB96E31F2229CD00850897 /* Project object */;
}
